
Microsoft Visual Studio Solution File, Format Version 12.00
# Visual Studio Version 17
VisualStudioVersion = 17.11.35222.181
MinimumVisualStudioVersion = 10.0.40219.1
Project("{FAE04EC0-301F-11D3-BF4B-00C04F79EFBC}") = "Par-Impar", "Par-Impar\Par-Impar.csproj", "{07163C7F-2ED2-4E5D-8E29-78F217FA6EC3}"
EndProject
Global
	GlobalSection(SolutionConfigurationPlatforms) = preSolution
		Debug|Any CPU = Debug|Any CPU
		Release|Any CPU = Release|Any CPU
	EndGlobalSection
	GlobalSection(ProjectConfigurationPlatforms) = postSolution
		{07163C7F-2ED2-4E5D-8E29-78F217FA6EC3}.Debug|Any CPU.ActiveCfg = Debug|Any CPU
		{07163C7F-2ED2-4E5D-8E29-78F217FA6EC3}.Debug|Any CPU.Build.0 = Debug|Any CPU
		{07163C7F-2ED2-4E5D-8E29-78F217FA6EC3}.Release|Any CPU.ActiveCfg = Release|Any CPU
		{07163C7F-2ED2-4E5D-8E29-78F217FA6EC3}.Release|Any CPU.Build.0 = Release|Any CPU
	EndGlobalSection
	GlobalSection(SolutionProperties) = preSolution
		HideSolutionNode = FALSE
	EndGlobalSection
	GlobalSection(ExtensibilityGlobals) = postSolution
		SolutionGuid = {393489AC-E63F-4E08-A3F5-05EEF4DD0C9F}
	EndGlobalSection
EndGlobal
